{
  "name": "ngtime",
  "version": "1.0.0",
  "lockfileVersion": 1,
  "requires": true,
  "dependencies": {
    "angular": {
      "version": "1.6.4",
      "resolved": "http://registry.npm.taobao.org/angular/download/angular-1.6.4.tgz",
      "integrity": "sha1-A7exXAGggC1+LPWTJA5gQFTcd/s="
    },
    "angular-daterangepicker": {
      "version": "0.2.3-alpha1",
      "resolved": "http://registry.npm.taobao.org/angular-daterangepicker/download/angular-daterangepicker-0.2.3-alpha1.tgz",
      "integrity": "sha1-bNg+xKVV9K7oguIT1wmb2FnWzOg=",
      "requires": {
        "angular": "1.6.4",
        "bootstrap": "3.3.7",
        "bootstrap-daterangepicker": "2.1.30"
      },
      "dependencies": {
        "bootstrap": {
          "version": "3.3.7",
          "resolved": "http://registry.npm.taobao.org/bootstrap/download/bootstrap-3.3.7.tgz",
          "integrity": "sha1-WjiTlFSfIzMIdaOxUGVldPip63E="
        }
      }
    },
    "angular-messages": {
      "version": "1.6.10",
      "resolved": "http://registry.npm.taobao.org/angular-messages/download/angular-messages-1.6.10.tgz",
      "integrity": "sha1-Ce7cW1Dbme7tl3ZBRCjFh8EllxU="
    },
    "bootstrap": {
      "version": "4.1.1",
      "resolved": "http://registry.npm.taobao.org/bootstrap/download/bootstrap-4.1.1.tgz",
      "integrity": "sha1-OuyFAA+mGQhdqNLkmD39Z88hFMs="
    },
    "bootstrap-daterangepicker": {
      "version": "2.1.30",
      "resolved": "http://registry.npm.taobao.org/bootstrap-daterangepicker/download/bootstrap-daterangepicker-2.1.30.tgz",
      "integrity": "sha1-+JPb//Wk19+qt1Rg6OppabuJaJo=",
      "requires": {
        "jquery": "1.12.1",
        "moment": "2.22.1"
      }
    },
    "daterangepicker": {
      "version": "3.0.1",
      "resolved": "http://registry.npm.taobao.org/daterangepicker/download/daterangepicker-3.0.1.tgz",
      "integrity": "sha1-OwmbjDeAEdQu5H6Ug/u/872l/7Y=",
      "requires": {
        "jquery": "1.12.1",
        "moment": "2.22.1"
      }
    },
    "jquery": {
      "version": "1.12.1",
      "resolved": "http://registry.npm.taobao.org/jquery/download/jquery-1.12.1.tgz",
      "integrity": "sha1-nMNM5HgNTOuQxEMo8HEGTwGWDBg="
    },
    "moment": {
      "version": "2.22.1",
      "resolved": "http://registry.npm.taobao.org/moment/download/moment-2.22.1.tgz",
      "integrity": "sha1-Upoum/lz8lnJZD0jf9qE3jom6K0="
    }
  }
}
